fastapi==0.60.1
uvicorn==0.11.8
requests==2.24.0
scipy==1.5.2
numpy==1.19.1
scikit-image==0.17.2
Pillow==7.2.0
torch==1.4.0
torchvision==0.5.0
opencv-python==4.3.0.36
starlette==0.13.6
pydantic==1.6.1
## The following requirements were added by pip freeze:
certifi==2020.6.20
chardet==3.0.4
click==7.1.2
cycler==0.10.0
decorator==4.4.2
h11==0.9.0
httptools==0.1.1
idna==2.10
imageio==2.9.0
kiwisolver==1.2.0
matplotlib==3.3.0
networkx==2.4
pyparsing==2.4.7
python-dateutil==2.8.1
PyWavelets==1.1.1
six==1.15.0
tifffile==2020.7.24
urllib3==1.25.10
uvloop==0.14.0
websockets==8.1
